
Microsoft Visual Studio Solution File, Format Version 12.00
# Visual Studio Version 17
VisualStudioVersion = 17.7.34221.43
MinimumVisualStudioVersion = 10.0.40219.1
Project("{FAE04EC0-301F-11D3-BF4B-00C04F79EFBC}") = "LeaveManagementSystem.web", "LeaveManagementSystem.web.csproj", "{FE954373-9FF0-40A9-BBD1-6C496D17536A}"
EndProject
Global
	GlobalSection(SolutionConfigurationPlatforms) = preSolution
		Debug|Any CPU = Debug|Any CPU
		Release|Any CPU = Release|Any CPU
	EndGlobalSection
	GlobalSection(ProjectConfigurationPlatforms) = postSolution
		{FE954373-9FF0-40A9-BBD1-6C496D17536A}.Debug|Any CPU.ActiveCfg = Debug|Any CPU
		{FE954373-9FF0-40A9-BBD1-6C496D17536A}.Debug|Any CPU.Build.0 = Debug|Any CPU
		{FE954373-9FF0-40A9-BBD1-6C496D17536A}.Release|Any CPU.ActiveCfg = Release|Any CPU
		{FE954373-9FF0-40A9-BBD1-6C496D17536A}.Release|Any CPU.Build.0 = Release|Any CPU
	EndGlobalSection
	GlobalSection(SolutionProperties) = preSolution
		HideSolutionNode = FALSE
	EndGlobalSection
	GlobalSection(ExtensibilityGlobals) = postSolution
		SolutionGuid = {8170C9FE-0CEB-4803-BF36-A7DBB7E3E63C}
	EndGlobalSection
EndGlobal
